
Microsoft Visual Studio Solution File, Format Version 12.00
# Visual Studio Version 17
VisualStudioVersion = 17.14.36221.1 d17.14
MinimumVisualStudioVersion = 10.0.40219.1
Project("{FAE04EC0-301F-11D3-BF4B-00C04F79EFBC}") = "CardHub", "CardHub.csproj", "{BE1A3C78-3C70-406B-A7ED-C3DF89EE4AC3}"
EndProject
Global
	GlobalSection(SolutionConfigurationPlatforms) = preSolution
		Debug|Any CPU = Debug|Any CPU
		Release|Any CPU = Release|Any CPU
	EndGlobalSection
	GlobalSection(ProjectConfigurationPlatforms) = postSolution
		{BE1A3C78-3C70-406B-A7ED-C3DF89EE4AC3}.Debug|Any CPU.ActiveCfg = Debug|Any CPU
		{BE1A3C78-3C70-406B-A7ED-C3DF89EE4AC3}.Debug|Any CPU.Build.0 = Debug|Any CPU
		{BE1A3C78-3C70-406B-A7ED-C3DF89EE4AC3}.Release|Any CPU.ActiveCfg = Release|Any CPU
		{BE1A3C78-3C70-406B-A7ED-C3DF89EE4AC3}.Release|Any CPU.Build.0 = Release|Any CPU
	EndGlobalSection
	GlobalSection(SolutionProperties) = preSolution
		HideSolutionNode = FALSE
	EndGlobalSection
	GlobalSection(ExtensibilityGlobals) = postSolution
		SolutionGuid = {2D586574-D5D8-4D67-B8D3-1734C88D9F35}
	EndGlobalSection
EndGlobal
